PODS:
  - AFNetworking (3.2.1):
    - AFNetworking/NSURLSession (= 3.2.1)
    - AFNetworking/Reachability (= 3.2.1)
    - AFNetworking/Security (= 3.2.1)
    - AFNetworking/Serialization (= 3.2.1)
    - AFNetworking/UIKit (= 3.2.1)
  - AFNetworking/NSURLSession (3.2.1):
    - AFNetworking/Reachability
    - AFNetworking/Security
    - AFNetworking/Serialization
  - AFNetworking/Reachability (3.2.1)
  - AFNetworking/Security (3.2.1)
  - AFNetworking/Serialization (3.2.1)
  - AFNetworking/UIKit (3.2.1):
    - AFNetworking/NSURLSession
  - IQKeyboardManager (6.5.5)
  - MBProgressHUD (1.1.0)
  - MGSwipeTableCell (1.6.11)
  - SAMKeychain (1.5.3)

DEPENDENCIES:
  - AFNetworking (~> 3.2.1)
  - IQKeyboardManager
  - MBProgressHUD (~> 1.1.0)
  - MGSwipeTableCell
  - SAMKeychain

SPEC REPOS:
  https://github.com/cocoapods/specs.git:
    - AFNetworking
    - IQKeyboardManager
    - MBProgressHUD
    - MGSwipeTableCell
    - SAMKeychain

SPEC CHECKSUMS:
  AFNetworking: b6f891fdfaed196b46c7a83cf209e09697b94057
  IQKeyboardManager: 3a8b9e603f8b0eeaf5f096a1f2b2cfcf121992ef
  MBProgressHUD: e7baa36a220447d8aeb12769bf0585582f3866d9
  MGSwipeTableCell: b804e4e450dee439c42250be90bd50458bf67fce
  SAMKeychain: 483e1c9f32984d50ca961e26818a534283b4cd5c

PODFILE CHECKSUM: 4eb77ef72bd83b789ca7b34d26f6270cfd34e613

COCOAPODS: 1.7.5
