PODS:
  - AFNetworking (3.2.1):
    - AFNetworking/NSURLSession (= 3.2.1)
    - AFNetworking/Reachability (= 3.2.1)
    - AFNetworking/Security (= 3.2.1)
    - AFNetworking/Serialization (= 3.2.1)
    - AFNetworking/UIKit (= 3.2.1)
  - AFNetworking/NSURLSession (3.2.1):
    - AFNetworking/Reachability
    - AFNetworking/Security
    - AFNetworking/Serialization
  - AFNetworking/Reachability (3.2.1)
  - AFNetworking/Security (3.2.1)
  - AFNetworking/Serialization (3.2.1)
  - AFNetworking/UIKit (3.2.1):
    - AFNetworking/NSURLSession
  - IQKeyboardManager (6.5.5)
  - MBProgressHUD (1.2.0)
  - MGSwipeTableCell (1.6.11)
  - SAMKeychain (1.5.3)

DEPENDENCIES:
  - AFNetworking (~> 3.2.1)
  - IQKeyboardManager (~> 6.5.5)
  - MBProgressHUD (~> 1.2.0)
  - MGSwipeTableCell (~> 1.6.11)
  - SAMKeychain (~> 1.5.3)

SPEC REPOS:
  trunk:
    - AFNetworking
    - IQKeyboardManager
    - MBProgressHUD
    - MGSwipeTableCell
    - SAMKeychain

SPEC CHECKSUMS:
  AFNetworking: b6f891fdfaed196b46c7a83cf209e09697b94057
  IQKeyboardManager: 3a8b9e603f8b0eeaf5f096a1f2b2cfcf121992ef
  MBProgressHUD: 3ee5efcc380f6a79a7cc9b363dd669c5e1ae7406
  MGSwipeTableCell: b804e4e450dee439c42250be90bd50458bf67fce
  SAMKeychain: 483e1c9f32984d50ca961e26818a534283b4cd5c

PODFILE CHECKSUM: f363b883ee168858994d3c931f40de22f8ad78e2

COCOAPODS: 1.9.3
